// !$*UTF8*$!
{
	archiveVersion = 1;
	classes = {
	};
	objectVersion = 51;
	objects = {

/* Begin PBXBuildFile section */
		075E36D824B9F6CE00378649 /* WordViewModel.swift in Sources */ = {isa = PBXBuildFile; fileRef = 075E36D724B9F6CE00378649 /* WordViewModel.swift */; };
		075E36DB24B9F8A300378649 /* MeaningTableViewCell.swift in Sources */ = {isa = PBXBuildFile; fileRef = 075E36DA24B9F8A300378649 /* MeaningTableViewCell.swift */; };
		075E36DE24B9F97D00378649 /* UITableView+Extension.swift in Sources */ = {isa = PBXBuildFile; fileRef = 075E36DD24B9F97D00378649 /* UITableView+Extension.swift */; };
		075E36E024B9FB7900378649 /* MeaningViewModel.swift in Sources */ = {isa = PBXBuildFile; fileRef = 075E36DF24B9FB7900378649 /* MeaningViewModel.swift */; };
		075E36E324B9FFD600378649 /* UIFont+Extension.swift in Sources */ = {isa = PBXBuildFile; fileRef = 075E36E224B9FFD600378649 /* UIFont+Extension.swift */; };
		0791B86824B99CDC00D6F19C /* Word.swift in Sources */ = {isa = PBXBuildFile; fileRef = 0791B86724B99CDC00D6F19C /* Word.swift */; };
		0791B86A24B99DB600D6F19C /* MeaningDescription.swift in Sources */ = {isa = PBXBuildFile; fileRef = 0791B86924B99DB600D6F19C /* MeaningDescription.swift */; };
		0791B86D24B99E3B00D6F19C /* MeaningTranslation.swift in Sources */ = {isa = PBXBuildFile; fileRef = 0791B86C24B99E3B00D6F19C /* MeaningTranslation.swift */; };
		0791B86F24B99F4800D6F19C /* PartOfSpeech.swift in Sources */ = {isa = PBXBuildFile; fileRef = 0791B86E24B99F4800D6F19C /* PartOfSpeech.swift */; };
		0791B87824B9B17E00D6F19C /* SearchAssembly.swift in Sources */ = {isa = PBXBuildFile; fileRef = 0791B87724B9B17E00D6F19C /* SearchAssembly.swift */; };
		0791B87A24B9B1A000D6F19C /* SearchRouter.swift in Sources */ = {isa = PBXBuildFile; fileRef = 0791B87924B9B1A000D6F19C /* SearchRouter.swift */; };
		0791B87C24B9B1B000D6F19C /* SearchRouterProtocols.swift in Sources */ = {isa = PBXBuildFile; fileRef = 0791B87B24B9B1B000D6F19C /* SearchRouterProtocols.swift */; };
		0791B87E24B9B20500D6F19C /* SearchViewController.swift in Sources */ = {isa = PBXBuildFile; fileRef = 0791B87D24B9B20500D6F19C /* SearchViewController.swift */; };
		0791B88024B9B25E00D6F19C /* SearchInteractorProtocols.swift in Sources */ = {isa = PBXBuildFile; fileRef = 0791B87F24B9B25E00D6F19C /* SearchInteractorProtocols.swift */; };
		0791B88224B9B27D00D6F19C /* SearchInteractor.swift in Sources */ = {isa = PBXBuildFile; fileRef = 0791B88124B9B27D00D6F19C /* SearchInteractor.swift */; };
		0791B88424B9B30700D6F19C /* SearchPresenter.swift in Sources */ = {isa = PBXBuildFile; fileRef = 0791B88324B9B30700D6F19C /* SearchPresenter.swift */; };
		0791B88624B9B3C300D6F19C /* SearchViewProtocols.swift in Sources */ = {isa = PBXBuildFile; fileRef = 0791B88524B9B3C300D6F19C /* SearchViewProtocols.swift */; };
		0791B88924B9B98F00D6F19C /* Colors.xcassets in Resources */ = {isa = PBXBuildFile; fileRef = 0791B88824B9B98F00D6F19C /* Colors.xcassets */; };
		0791B88C24B9BA0000D6F19C /* UIColor+Extension.swift in Sources */ = {isa = PBXBuildFile; fileRef = 0791B88B24B9BA0000D6F19C /* UIColor+Extension.swift */; };
		07F6325024B8ECB100591BF5 /* AppDelegate.swift in Sources */ = {isa = PBXBuildFile; fileRef = 07F6324F24B8ECB100591BF5 /* AppDelegate.swift */; };
		07F6325924B8ECB200591BF5 /* Images.xcassets in Resources */ = {isa = PBXBuildFile; fileRef = 07F6325824B8ECB200591BF5 /* Images.xcassets */; };
		07F6325C24B8ECB200591BF5 /* LaunchScreen.storyboard in Resources */ = {isa = PBXBuildFile; fileRef = 07F6325A24B8ECB200591BF5 /* LaunchScreen.storyboard */; };
		07F6326724B8ECB200591BF5 /* SkyengWordsTests.swift in Sources */ = {isa = PBXBuildFile; fileRef = 07F6326624B8ECB200591BF5 /* SkyengWordsTests.swift */; };
		07F6327824B8F1BE00591BF5 /* Networking.swift in Sources */ = {isa = PBXBuildFile; fileRef = 07F6327724B8F1BE00591BF5 /* Networking.swift */; };
		07F6327A24B8F4D400591BF5 /* RequestType.swift in Sources */ = {isa = PBXBuildFile; fileRef = 07F6327924B8F4D400591BF5 /* RequestType.swift */; };
		07F6327C24B8F61200591BF5 /* NetworkService.swift in Sources */ = {isa = PBXBuildFile; fileRef = 07F6327B24B8F61200591BF5 /* NetworkService.swift */; };
		07F6328124B903D200591BF5 /* WordsProviding.swift in Sources */ = {isa = PBXBuildFile; fileRef = 07F6328024B903D200591BF5 /* WordsProviding.swift */; };
		07F6328324B9048300591BF5 /* WordsService.swift in Sources */ = {isa = PBXBuildFile; fileRef = 07F6328224B9048300591BF5 /* WordsService.swift */; };
		1366D99C691B88F4D0C338FB /* Pods_SkyengWordsTests.framework in Frameworks */ = {isa = PBXBuildFile; fileRef = 162F9631E94559BEB2BC2360 /* Pods_SkyengWordsTests.framework */; };
		FF861D76063249D93CC01AA6 /* Pods_SkyengWords.framework in Frameworks */ = {isa = PBXBuildFile; fileRef = B8FE06C7C73E5F0BB682DDEF /* Pods_SkyengWords.framework */; };
/* End PBXBuildFile section */

/* Begin PBXContainerItemProxy section */
		07F6326324B8ECB200591BF5 /* PBXContainerItemProxy */ = {
			isa = PBXContainerItemProxy;
			containerPortal = 07F6324424B8ECB100591BF5 /* Project object */;
			proxyType = 1;
			remoteGlobalIDString = 07F6324B24B8ECB100591BF5;
			remoteInfo = SkyengWords;
		};
/* End PBXContainerItemProxy section */

/* Begin PBXFileReference section */
		075E36D724B9F6CE00378649 /* WordViewModel.swift */ = {isa = PBXFileReference; lastKnownFileType = sourcecode.swift; path = WordViewModel.swift; sourceTree = "<group>"; };
		075E36DA24B9F8A300378649 /* MeaningTableViewCell.swift */ = {isa = PBXFileReference; lastKnownFileType = sourcecode.swift; path = MeaningTableViewCell.swift; sourceTree = "<group>"; };
		075E36DD24B9F97D00378649 /* UITableView+Extension.swift */ = {isa = PBXFileReference; lastKnownFileType = sourcecode.swift; path = "UITableView+Extension.swift"; sourceTree = "<group>"; };
		075E36DF24B9FB7900378649 /* MeaningViewModel.swift */ = {isa = PBXFileReference; lastKnownFileType = sourcecode.swift; path = MeaningViewModel.swift; sourceTree = "<group>"; };
		075E36E224B9FFD600378649 /* UIFont+Extension.swift */ = {isa = PBXFileReference; lastKnownFileType = sourcecode.swift; path = "UIFont+Extension.swift"; sourceTree = "<group>"; };
		0791B86724B99CDC00D6F19C /* Word.swift */ = {isa = PBXFileReference; lastKnownFileType = sourcecode.swift; path = Word.swift; sourceTree = "<group>"; };
		0791B86924B99DB600D6F19C /* MeaningDescription.swift */ = {isa = PBXFileReference; lastKnownFileType = sourcecode.swift; path = MeaningDescription.swift; sourceTree = "<group>"; };
		0791B86C24B99E3B00D6F19C /* MeaningTranslation.swift */ = {isa = PBXFileReference; lastKnownFileType = sourcecode.swift; path = MeaningTranslation.swift; sourceTree = "<group>"; };
		0791B86E24B99F4800D6F19C /* PartOfSpeech.swift */ = {isa = PBXFileReference; lastKnownFileType = sourcecode.swift; path = PartOfSpeech.swift; sourceTree = "<group>"; };
		0791B87724B9B17E00D6F19C /* SearchAssembly.swift */ = {isa = PBXFileReference; lastKnownFileType = sourcecode.swift; path = SearchAssembly.swift; sourceTree = "<group>"; };
		0791B87924B9B1A000D6F19C /* SearchRouter.swift */ = {isa = PBXFileReference; lastKnownFileType = sourcecode.swift; path = SearchRouter.swift; sourceTree = "<group>"; };
		0791B87B24B9B1B000D6F19C /* SearchRouterProtocols.swift */ = {isa = PBXFileReference; lastKnownFileType = sourcecode.swift; path = SearchRouterProtocols.swift; sourceTree = "<group>"; };
		0791B87D24B9B20500D6F19C /* SearchViewController.swift */ = {isa = PBXFileReference; lastKnownFileType = sourcecode.swift; path = SearchViewController.swift; sourceTree = "<group>"; };
		0791B87F24B9B25E00D6F19C /* SearchInteractorProtocols.swift */ = {isa = PBXFileReference; lastKnownFileType = sourcecode.swift; path = SearchInteractorProtocols.swift; sourceTree = "<group>"; };
		0791B88124B9B27D00D6F19C /* SearchInteractor.swift */ = {isa = PBXFileReference; lastKnownFileType = sourcecode.swift; path = SearchInteractor.swift; sourceTree = "<group>"; };
		0791B88324B9B30700D6F19C /* SearchPresenter.swift */ = {isa = PBXFileReference; lastKnownFileType = sourcecode.swift; path = SearchPresenter.swift; sourceTree = "<group>"; };
		0791B88524B9B3C300D6F19C /* SearchViewProtocols.swift */ = {isa = PBXFileReference; lastKnownFileType = sourcecode.swift; path = SearchViewProtocols.swift; sourceTree = "<group>"; };
		0791B88824B9B98F00D6F19C /* Colors.xcassets */ = {isa = PBXFileReference; lastKnownFileType = folder.assetcatalog; path = Colors.xcassets; sourceTree = "<group>"; };
		0791B88B24B9BA0000D6F19C /* UIColor+Extension.swift */ = {isa = PBXFileReference; lastKnownFileType = sourcecode.swift; path = "UIColor+Extension.swift"; sourceTree = "<group>"; };
		07F6324C24B8ECB100591BF5 /* SkyengWords.app */ = {isa = PBXFileReference; explicitFileType = wrapper.application; includeInIndex = 0; path = SkyengWords.app; sourceTree = BUILT_PRODUCTS_DIR; };
		07F6324F24B8ECB100591BF5 /* AppDelegate.swift */ = {isa = PBXFileReference; lastKnownFileType = sourcecode.swift; path = AppDelegate.swift; sourceTree = "<group>"; };
		07F6325824B8ECB200591BF5 /* Images.xcassets */ = {isa = PBXFileReference; lastKnownFileType = folder.assetcatalog; path = Images.xcassets; sourceTree = "<group>"; };
		07F6325B24B8ECB200591BF5 /* Base */ = {isa = PBXFileReference; lastKnownFileType = file.storyboard; name = Base; path = Base.lproj/LaunchScreen.storyboard; sourceTree = "<group>"; };
		07F6325D24B8ECB200591BF5 /* Info.plist */ = {isa = PBXFileReference; lastKnownFileType = text.plist.xml; path = Info.plist; sourceTree = "<group>"; };
		07F6326224B8ECB200591BF5 /* SkyengWordsTests.xctest */ = {isa = PBXFileReference; explicitFileType = wrapper.cfbundle; includeInIndex = 0; path = SkyengWordsTests.xctest; sourceTree = BUILT_PRODUCTS_DIR; };
		07F6326624B8ECB200591BF5 /* SkyengWordsTests.swift */ = {isa = PBXFileReference; lastKnownFileType = sourcecode.swift; path = SkyengWordsTests.swift; sourceTree = "<group>"; };
		07F6326824B8ECB200591BF5 /* Info.plist */ = {isa = PBXFileReference; lastKnownFileType = text.plist.xml; path = Info.plist; sourceTree = "<group>"; };
		07F6327724B8F1BE00591BF5 /* Networking.swift */ = {isa = PBXFileReference; lastKnownFileType = sourcecode.swift; path = Networking.swift; sourceTree = "<group>"; };
		07F6327924B8F4D400591BF5 /* RequestType.swift */ = {isa = PBXFileReference; lastKnownFileType = sourcecode.swift; path = RequestType.swift; sourceTree = "<group>"; };
		07F6327B24B8F61200591BF5 /* NetworkService.swift */ = {isa = PBXFileReference; lastKnownFileType = sourcecode.swift; path = NetworkService.swift; sourceTree = "<group>"; };
		07F6328024B903D200591BF5 /* WordsProviding.swift */ = {isa = PBXFileReference; lastKnownFileType = sourcecode.swift; path = WordsProviding.swift; sourceTree = "<group>"; };
		07F6328224B9048300591BF5 /* WordsService.swift */ = {isa = PBXFileReference; lastKnownFileType = sourcecode.swift; path = WordsService.swift; sourceTree = "<group>"; };
		162F9631E94559BEB2BC2360 /* Pods_SkyengWordsTests.framework */ = {isa = PBXFileReference; explicitFileType = wrapper.framework; includeInIndex = 0; path = Pods_SkyengWordsTests.framework; sourceTree = BUILT_PRODUCTS_DIR; };
		20916E4C075831902D9CB725 /* Pods-SkyengWords.debug.xcconfig */ = {isa = PBXFileReference; includeInIndex = 1; lastKnownFileType = text.xcconfig; name = "Pods-SkyengWords.debug.xcconfig"; path = "Target Support Files/Pods-SkyengWords/Pods-SkyengWords.debug.xcconfig"; sourceTree = "<group>"; };
		502D17F55ED1C3335F3C3137 /* Pods-SkyengWordsTests.debug.xcconfig */ = {isa = PBXFileReference; includeInIndex = 1; lastKnownFileType = text.xcconfig; name = "Pods-SkyengWordsTests.debug.xcconfig"; path = "Target Support Files/Pods-SkyengWordsTests/Pods-SkyengWordsTests.debug.xcconfig"; sourceTree = "<group>"; };
		5C4F4AA44B4E3FBB21D7C7C1 /* Pods-SkyengWords.release.xcconfig */ = {isa = PBXFileReference; includeInIndex = 1; lastKnownFileType = text.xcconfig; name = "Pods-SkyengWords.release.xcconfig"; path = "Target Support Files/Pods-SkyengWords/Pods-SkyengWords.release.xcconfig"; sourceTree = "<group>"; };
		B0FF01C321DAB5C1400C4666 /* Pods-SkyengWordsTests.release.xcconfig */ = {isa = PBXFileReference; includeInIndex = 1; lastKnownFileType = text.xcconfig; name = "Pods-SkyengWordsTests.release.xcconfig"; path = "Target Support Files/Pods-SkyengWordsTests/Pods-SkyengWordsTests.release.xcconfig"; sourceTree = "<group>"; };
		B8FE06C7C73E5F0BB682DDEF /* Pods_SkyengWords.framework */ = {isa = PBXFileReference; explicitFileType = wrapper.framework; includeInIndex = 0; path = Pods_SkyengWords.framework; sourceTree = BUILT_PRODUCTS_DIR; };
/* End PBXFileReference section */

/* Begin PBXFrameworksBuildPhase section */
		07F6324924B8ECB100591BF5 /* Frameworks */ = {
			isa = PBXFrameworksBuildPhase;
			buildActionMask = 2147483647;
			files = (
				FF861D76063249D93CC01AA6 /* Pods_SkyengWords.framework in Frameworks */,
			);
			runOnlyForDeploymentPostprocessing = 0;
		};
		07F6325F24B8ECB200591BF5 /* Frameworks */ = {
			isa = PBXFrameworksBuildPhase;
			buildActionMask = 2147483647;
			files = (
				1366D99C691B88F4D0C338FB /* Pods_SkyengWordsTests.framework in Frameworks */,
			);
			runOnlyForDeploymentPostprocessing = 0;
		};
/* End PBXFrameworksBuildPhase section */

/* Begin PBXGroup section */
		075E36D624B9F6C000378649 /* ViewModel */ = {
			isa = PBXGroup;
			children = (
				075E36D724B9F6CE00378649 /* WordViewModel.swift */,
				075E36DF24B9FB7900378649 /* MeaningViewModel.swift */,
			);
			path = ViewModel;
			sourceTree = "<group>";
		};
		075E36D924B9F88F00378649 /* Cells */ = {
			isa = PBXGroup;
			children = (
				075E36DA24B9F8A300378649 /* MeaningTableViewCell.swift */,
			);
			path = Cells;
			sourceTree = "<group>";
		};
		075E36DC24B9F96B00378649 /* Extensions */ = {
			isa = PBXGroup;
			children = (
				075E36DD24B9F97D00378649 /* UITableView+Extension.swift */,
			);
			path = Extensions;
			sourceTree = "<group>";
		};
		075E36E124B9FFBB00378649 /* Fonts */ = {
			isa = PBXGroup;
			children = (
				075E36E224B9FFD600378649 /* UIFont+Extension.swift */,
			);
			path = Fonts;
			sourceTree = "<group>";
		};
		0791B86624B99CCB00D6F19C /* Entities */ = {
			isa = PBXGroup;
			children = (
				0791B86724B99CDC00D6F19C /* Word.swift */,
				0791B86924B99DB600D6F19C /* MeaningDescription.swift */,
				0791B86C24B99E3B00D6F19C /* MeaningTranslation.swift */,
				0791B86E24B99F4800D6F19C /* PartOfSpeech.swift */,
			);
			path = Entities;
			sourceTree = "<group>";
		};
		0791B87024B9B10200D6F19C /* Modules */ = {
			isa = PBXGroup;
			children = (
				0791B87124B9B11100D6F19C /* Search */,
			);
			path = Modules;
			sourceTree = "<group>";
		};
		0791B87124B9B11100D6F19C /* Search */ = {
			isa = PBXGroup;
			children = (
				0791B87624B9B17200D6F19C /* Assembly */,
				0791B87524B9B15600D6F19C /* Router */,
				0791B87424B9B15100D6F19C /* Interactor */,
				0791B87324B9B14B00D6F19C /* Presenter */,
				0791B87224B9B14500D6F19C /* View */,
			);
			path = Search;
			sourceTree = "<group>";
		};
		0791B87224B9B14500D6F19C /* View */ = {
			isa = PBXGroup;
			children = (
				075E36D924B9F88F00378649 /* Cells */,
				075E36D624B9F6C000378649 /* ViewModel */,
				0791B87D24B9B20500D6F19C /* SearchViewController.swift */,
				0791B88524B9B3C300D6F19C /* SearchViewProtocols.swift */,
			);
			path = View;
			sourceTree = "<group>";
		};
		0791B87324B9B14B00D6F19C /* Presenter */ = {
			isa = PBXGroup;
			children = (
				0791B88324B9B30700D6F19C /* SearchPresenter.swift */,
			);
			path = Presenter;
			sourceTree = "<group>";
		};
		0791B87424B9B15100D6F19C /* Interactor */ = {
			isa = PBXGroup;
			children = (
				0791B87F24B9B25E00D6F19C /* SearchInteractorProtocols.swift */,
				0791B88124B9B27D00D6F19C /* SearchInteractor.swift */,
			);
			path = Interactor;
			sourceTree = "<group>";
		};
		0791B87524B9B15600D6F19C /* Router */ = {
			isa = PBXGroup;
			children = (
				0791B87B24B9B1B000D6F19C /* SearchRouterProtocols.swift */,
				0791B87924B9B1A000D6F19C /* SearchRouter.swift */,
			);
			path = Router;
			sourceTree = "<group>";
		};
		0791B87624B9B17200D6F19C /* Assembly */ = {
			isa = PBXGroup;
			children = (
				0791B87724B9B17E00D6F19C /* SearchAssembly.swift */,
			);
			path = Assembly;
			sourceTree = "<group>";
		};
		0791B88724B9B98300D6F19C /* Colors */ = {
			isa = PBXGroup;
			children = (
				0791B88824B9B98F00D6F19C /* Colors.xcassets */,
			);
			path = Colors;
			sourceTree = "<group>";
		};
		0791B88A24B9B9F000D6F19C /* Colors */ = {
			isa = PBXGroup;
			children = (
				0791B88B24B9BA0000D6F19C /* UIColor+Extension.swift */,
			);
			path = Colors;
			sourceTree = "<group>";
		};
		0791B88D24B9BDAC00D6F19C /* UI */ = {
			isa = PBXGroup;
			children = (
				075E36E124B9FFBB00378649 /* Fonts */,
				0791B88A24B9B9F000D6F19C /* Colors */,
			);
			path = UI;
			sourceTree = "<group>";
		};
		07F6324324B8ECB100591BF5 = {
			isa = PBXGroup;
			children = (
				07F6324E24B8ECB100591BF5 /* SkyengWords */,
				07F6326524B8ECB200591BF5 /* SkyengWordsTests */,
				07F6324D24B8ECB100591BF5 /* Products */,
				98E3F004D5A734A409550C85 /* Pods */,
				2F9DECBDC0409150CC4F5E41 /* Frameworks */,
			);
			sourceTree = "<group>";
		};
		07F6324D24B8ECB100591BF5 /* Products */ = {
			isa = PBXGroup;
			children = (
				07F6324C24B8ECB100591BF5 /* SkyengWords.app */,
				07F6326224B8ECB200591BF5 /* SkyengWordsTests.xctest */,
			);
			name = Products;
			sourceTree = "<group>";
		};
		07F6324E24B8ECB100591BF5 /* SkyengWords */ = {
			isa = PBXGroup;
			children = (
				07F6327524B8F19A00591BF5 /* Base */,
				07F6327E24B9036400591BF5 /* Services */,
				0791B87024B9B10200D6F19C /* Modules */,
				07F6327224B8ED0100591BF5 /* Resources */,
				07F6327124B8ECEF00591BF5 /* Supporting files */,
				07F6324F24B8ECB100591BF5 /* AppDelegate.swift */,
			);
			path = SkyengWords;
			sourceTree = "<group>";
		};
		07F6326524B8ECB200591BF5 /* SkyengWordsTests */ = {
			isa = PBXGroup;
			children = (
				07F6326624B8ECB200591BF5 /* SkyengWordsTests.swift */,
				07F6326824B8ECB200591BF5 /* Info.plist */,
			);
			path = SkyengWordsTests;
			sourceTree = "<group>";
		};
		07F6327124B8ECEF00591BF5 /* Supporting files */ = {
			isa = PBXGroup;
			children = (
				07F6325A24B8ECB200591BF5 /* LaunchScreen.storyboard */,
			);
			name = "Supporting files";
			sourceTree = "<group>";
		};
		07F6327224B8ED0100591BF5 /* Resources */ = {
			isa = PBXGroup;
			children = (
				0791B88724B9B98300D6F19C /* Colors */,
				07F6327424B8ED0F00591BF5 /* Images */,
				07F6327324B8ED0500591BF5 /* Plists */,
			);
			path = Resources;
			sourceTree = "<group>";
		};
		07F6327324B8ED0500591BF5 /* Plists */ = {
			isa = PBXGroup;
			children = (
				07F6325D24B8ECB200591BF5 /* Info.plist */,
			);
			path = Plists;
			sourceTree = "<group>";
		};
		07F6327424B8ED0F00591BF5 /* Images */ = {
			isa = PBXGroup;
			children = (
				07F6325824B8ECB200591BF5 /* Images.xcassets */,
			);
			path = Images;
			sourceTree = "<group>";
		};
		07F6327524B8F19A00591BF5 /* Base */ = {
			isa = PBXGroup;
			children = (
				075E36DC24B9F96B00378649 /* Extensions */,
				0791B88D24B9BDAC00D6F19C /* UI */,
				07F6327624B8F1A100591BF5 /* Networking */,
			);
			path = Base;
			sourceTree = "<group>";
		};
		07F6327624B8F1A100591BF5 /* Networking */ = {
			isa = PBXGroup;
			children = (
				07F6327924B8F4D400591BF5 /* RequestType.swift */,
				07F6327724B8F1BE00591BF5 /* Networking.swift */,
				07F6327B24B8F61200591BF5 /* NetworkService.swift */,
			);
			path = Networking;
			sourceTree = "<group>";
		};
		07F6327E24B9036400591BF5 /* Services */ = {
			isa = PBXGroup;
			children = (
				07F6327F24B903C700591BF5 /* Words */,
			);
			path = Services;
			sourceTree = "<group>";
		};
		07F6327F24B903C700591BF5 /* Words */ = {
			isa = PBXGroup;
			children = (
				0791B86624B99CCB00D6F19C /* Entities */,
				07F6328024B903D200591BF5 /* WordsProviding.swift */,
				07F6328224B9048300591BF5 /* WordsService.swift */,
			);
			path = Words;
			sourceTree = "<group>";
		};
		2F9DECBDC0409150CC4F5E41 /* Frameworks */ = {
			isa = PBXGroup;
			children = (
				B8FE06C7C73E5F0BB682DDEF /* Pods_SkyengWords.framework */,
				162F9631E94559BEB2BC2360 /* Pods_SkyengWordsTests.framework */,
			);
			name = Frameworks;
			sourceTree = "<group>";
		};
		98E3F004D5A734A409550C85 /* Pods */ = {
			isa = PBXGroup;
			children = (
				20916E4C075831902D9CB725 /* Pods-SkyengWords.debug.xcconfig */,
				5C4F4AA44B4E3FBB21D7C7C1 /* Pods-SkyengWords.release.xcconfig */,
				502D17F55ED1C3335F3C3137 /* Pods-SkyengWordsTests.debug.xcconfig */,
				B0FF01C321DAB5C1400C4666 /* Pods-SkyengWordsTests.release.xcconfig */,
			);
			path = Pods;
			sourceTree = "<group>";
		};
/* End PBXGroup section */

/* Begin PBXNativeTarget section */
		07F6324B24B8ECB100591BF5 /* SkyengWords */ = {
			isa = PBXNativeTarget;
			buildConfigurationList = 07F6326B24B8ECB200591BF5 /* Build configuration list for PBXNativeTarget "SkyengWords" */;
			buildPhases = (
				9FB7C0168997C4AFFA9B1007 /* [CP] Check Pods Manifest.lock */,
				07F6324824B8ECB100591BF5 /* Sources */,
				07F6324924B8ECB100591BF5 /* Frameworks */,
				07F6324A24B8ECB100591BF5 /* Resources */,
				1C95506B5FAC66E4F91344FC /* [CP] Embed Pods Frameworks */,
			);
			buildRules = (
			);
			dependencies = (
			);
			name = SkyengWords;
			productName = SkyengWords;
			productReference = 07F6324C24B8ECB100591BF5 /* SkyengWords.app */;
			productType = "com.apple.product-type.application";
		};
		07F6326124B8ECB200591BF5 /* SkyengWordsTests */ = {
			isa = PBXNativeTarget;
			buildConfigurationList = 07F6326E24B8ECB200591BF5 /* Build configuration list for PBXNativeTarget "SkyengWordsTests" */;
			buildPhases = (
				453FE956FE26B8AD907106CB /* [CP] Check Pods Manifest.lock */,
				07F6325E24B8ECB200591BF5 /* Sources */,
				07F6325F24B8ECB200591BF5 /* Frameworks */,
				07F6326024B8ECB200591BF5 /* Resources */,
			);
			buildRules = (
			);
			dependencies = (
				07F6326424B8ECB200591BF5 /* PBXTargetDependency */,
			);
			name = SkyengWordsTests;
			productName = SkyengWordsTests;
			productReference = 07F6326224B8ECB200591BF5 /* SkyengWordsTests.xctest */;
			productType = "com.apple.product-type.bundle.unit-test";
		};
/* End PBXNativeTarget section */

/* Begin PBXProject section */
		07F6324424B8ECB100591BF5 /* Project object */ = {
			isa = PBXProject;
			attributes = {
				LastSwiftUpdateCheck = 1150;
				LastUpgradeCheck = 1150;
				ORGANIZATIONNAME = "Grisme Team";
				TargetAttributes = {
					07F6324B24B8ECB100591BF5 = {
						CreatedOnToolsVersion = 11.5;
					};
					07F6326124B8ECB200591BF5 = {
						CreatedOnToolsVersion = 11.5;
						TestTargetID = 07F6324B24B8ECB100591BF5;
					};
				};
			};
			buildConfigurationList = 07F6324724B8ECB100591BF5 /* Build configuration list for PBXProject "SkyengWords" */;
			compatibilityVersion = "Xcode 9.3";
			developmentRegion = en;
			hasScannedForEncodings = 0;
			knownRegions = (
				en,
				Base,
			);
			mainGroup = 07F6324324B8ECB100591BF5;
			productRefGroup = 07F6324D24B8ECB100591BF5 /* Products */;
			projectDirPath = "";
			projectRoot = "";
			targets = (
				07F6324B24B8ECB100591BF5 /* SkyengWords */,
				07F6326124B8ECB200591BF5 /* SkyengWordsTests */,
			);
		};
/* End PBXProject section */

/* Begin PBXResourcesBuildPhase section */
		07F6324A24B8ECB100591BF5 /* Resources */ = {
			isa = PBXResourcesBuildPhase;
			buildActionMask = 2147483647;
			files = (
				0791B88924B9B98F00D6F19C /* Colors.xcassets in Resources */,
				07F6325C24B8ECB200591BF5 /* LaunchScreen.storyboard in Resources */,
				07F6325924B8ECB200591BF5 /* Images.xcassets in Resources */,
			);
			runOnlyForDeploymentPostprocessing = 0;
		};
		07F6326024B8ECB200591BF5 /* Resources */ = {
			isa = PBXResourcesBuildPhase;
			buildActionMask = 2147483647;
			files = (
			);
			runOnlyForDeploymentPostprocessing = 0;
		};
/* End PBXResourcesBuildPhase section */

/* Begin PBXShellScriptBuildPhase section */
		1C95506B5FAC66E4F91344FC /* [CP] Embed Pods Frameworks */ = {
			isa = PBXShellScriptBuildPhase;
			buildActionMask = 2147483647;
			files = (
			);
			inputFileListPaths = (
				"${PODS_ROOT}/Target Support Files/Pods-SkyengWords/Pods-SkyengWords-frameworks-${CONFIGURATION}-input-files.xcfilelist",
			);
			name = "[CP] Embed Pods Frameworks";
			outputFileListPaths = (
				"${PODS_ROOT}/Target Support Files/Pods-SkyengWords/Pods-SkyengWords-frameworks-${CONFIGURATION}-output-files.xcfilelist",
			);
			runOnlyForDeploymentPostprocessing = 0;
			shellPath = /bin/sh;
			shellScript = "\"${PODS_ROOT}/Target Support Files/Pods-SkyengWords/Pods-SkyengWords-frameworks.sh\"\n";
			showEnvVarsInLog = 0;
		};
		453FE956FE26B8AD907106CB /* [CP] Check Pods Manifest.lock */ = {
			isa = PBXShellScriptBuildPhase;
			buildActionMask = 2147483647;
			files = (
			);
			inputFileListPaths = (
			);
			inputPaths = (
				"${PODS_PODFILE_DIR_PATH}/Podfile.lock",
				"${PODS_ROOT}/Manifest.lock",
			);
			name = "[CP] Check Pods Manifest.lock";
			outputFileListPaths = (
			);
			outputPaths = (
				"$(DERIVED_FILE_DIR)/Pods-SkyengWordsTests-checkManifestLockResult.txt",
			);
			runOnlyForDeploymentPostprocessing = 0;
			shellPath = /bin/sh;
			shellScript = "diff \"${PODS_PODFILE_DIR_PATH}/Podfile.lock\" \"${PODS_ROOT}/Manifest.lock\" > /dev/null\nif [ $? != 0 ] ; then\n    # print error to STDERR\n    echo \"error: The sandbox is not in sync with the Podfile.lock. Run 'pod install' or update your CocoaPods installation.\" >&2\n    exit 1\nfi\n# This output is used by Xcode 'outputs' to avoid re-running this script phase.\necho \"SUCCESS\" > \"${SCRIPT_OUTPUT_FILE_0}\"\n";
			showEnvVarsInLog = 0;
		};
		9FB7C0168997C4AFFA9B1007 /* [CP] Check Pods Manifest.lock */ = {
			isa = PBXShellScriptBuildPhase;
			buildActionMask = 2147483647;
			files = (
			);
			inputFileListPaths = (
			);
			inputPaths = (
				"${PODS_PODFILE_DIR_PATH}/Podfile.lock",
				"${PODS_ROOT}/Manifest.lock",
			);
			name = "[CP] Check Pods Manifest.lock";
			outputFileListPaths = (
			);
			outputPaths = (
				"$(DERIVED_FILE_DIR)/Pods-SkyengWords-checkManifestLockResult.txt",
			);
			runOnlyForDeploymentPostprocessing = 0;
			shellPath = /bin/sh;
			shellScript = "diff \"${PODS_PODFILE_DIR_PATH}/Podfile.lock\" \"${PODS_ROOT}/Manifest.lock\" > /dev/null\nif [ $? != 0 ] ; then\n    # print error to STDERR\n    echo \"error: The sandbox is not in sync with the Podfile.lock. Run 'pod install' or update your CocoaPods installation.\" >&2\n    exit 1\nfi\n# This output is used by Xcode 'outputs' to avoid re-running this script phase.\necho \"SUCCESS\" > \"${SCRIPT_OUTPUT_FILE_0}\"\n";
			showEnvVarsInLog = 0;
		};
/* End PBXShellScriptBuildPhase section */

/* Begin PBXSourcesBuildPhase section */
		07F6324824B8ECB100591BF5 /* Sources */ = {
			isa = PBXSourcesBuildPhase;
			buildActionMask = 2147483647;
			files = (
				0791B87A24B9B1A000D6F19C /* SearchRouter.swift in Sources */,
				0791B88C24B9BA0000D6F19C /* UIColor+Extension.swift in Sources */,
				07F6325024B8ECB100591BF5 /* AppDelegate.swift in Sources */,
				0791B88224B9B27D00D6F19C /* SearchInteractor.swift in Sources */,
				0791B86824B99CDC00D6F19C /* Word.swift in Sources */,
				0791B86D24B99E3B00D6F19C /* MeaningTranslation.swift in Sources */,
				075E36E324B9FFD600378649 /* UIFont+Extension.swift in Sources */,
				075E36D824B9F6CE00378649 /* WordViewModel.swift in Sources */,
				0791B88024B9B25E00D6F19C /* SearchInteractorProtocols.swift in Sources */,
				0791B87824B9B17E00D6F19C /* SearchAssembly.swift in Sources */,
				07F6327824B8F1BE00591BF5 /* Networking.swift in Sources */,
				07F6327C24B8F61200591BF5 /* NetworkService.swift in Sources */,
				075E36DE24B9F97D00378649 /* UITableView+Extension.swift in Sources */,
				07F6328324B9048300591BF5 /* WordsService.swift in Sources */,
				0791B88624B9B3C300D6F19C /* SearchViewProtocols.swift in Sources */,
				0791B87E24B9B20500D6F19C /* SearchViewController.swift in Sources */,
				07F6327A24B8F4D400591BF5 /* RequestType.swift in Sources */,
				0791B87C24B9B1B000D6F19C /* SearchRouterProtocols.swift in Sources */,
				0791B86A24B99DB600D6F19C /* MeaningDescription.swift in Sources */,
				0791B88424B9B30700D6F19C /* SearchPresenter.swift in Sources */,
				075E36DB24B9F8A300378649 /* MeaningTableViewCell.swift in Sources */,
				07F6328124B903D200591BF5 /* WordsProviding.swift in Sources */,
				0791B86F24B99F4800D6F19C /* PartOfSpeech.swift in Sources */,
				075E36E024B9FB7900378649 /* MeaningViewModel.swift in Sources */,
			);
			runOnlyForDeploymentPostprocessing = 0;
		};
		07F6325E24B8ECB200591BF5 /* Sources */ = {
			isa = PBXSourcesBuildPhase;
			buildActionMask = 2147483647;
			files = (
				07F6326724B8ECB200591BF5 /* SkyengWordsTests.swift in Sources */,
			);
			runOnlyForDeploymentPostprocessing = 0;
		};
/* End PBXSourcesBuildPhase section */

/* Begin PBXTargetDependency section */
		07F6326424B8ECB200591BF5 /* PBXTargetDependency */ = {
			isa = PBXTargetDependency;
			target = 07F6324B24B8ECB100591BF5 /* SkyengWords */;
			targetProxy = 07F6326324B8ECB200591BF5 /* PBXContainerItemProxy */;
		};
/* End PBXTargetDependency section */

/* Begin PBXVariantGroup section */
		07F6325A24B8ECB200591BF5 /* LaunchScreen.storyboard */ = {
			isa = PBXVariantGroup;
			children = (
				07F6325B24B8ECB200591BF5 /* Base */,
			);
			name = LaunchScreen.storyboard;
			sourceTree = "<group>";
		};
/* End PBXVariantGroup section */

/* Begin XCBuildConfiguration section */
		07F6326924B8ECB200591BF5 /* Debug */ = {
			isa = XCBuildConfiguration;
			buildSettings = {
				ALWAYS_SEARCH_USER_PATHS = NO;
				CLANG_ANALYZER_NONNULL = YES;
				CLANG_ANALYZER_NUMBER_OBJECT_CONVERSION = YES_AGGRESSIVE;
				CLANG_CXX_LANGUAGE_STANDARD = "gnu++14";
				CLANG_CXX_LIBRARY = "libc++";
				CLANG_ENABLE_MODULES = YES;
				CLANG_ENABLE_OBJC_ARC = YES;
				CLANG_ENABLE_OBJC_WEAK = YES;
				CLANG_WARN_BLOCK_CAPTURE_AUTORELEASING = YES;
				CLANG_WARN_BOOL_CONVERSION = YES;
				CLANG_WARN_COMMA = YES;
				CLANG_WARN_CONSTANT_CONVERSION = YES;
				CLANG_WARN_DEPRECATED_OBJC_IMPLEMENTATIONS = YES;
				CLANG_WARN_DIRECT_OBJC_ISA_USAGE = YES_ERROR;
				CLANG_WARN_DOCUMENTATION_COMMENTS = YES;
				CLANG_WARN_EMPTY_BODY = YES;
				CLANG_WARN_ENUM_CONVERSION = YES;
				CLANG_WARN_INFINITE_RECURSION = YES;
				CLANG_WARN_INT_CONVERSION = YES;
				CLANG_WARN_NON_LITERAL_NULL_CONVERSION = YES;
				CLANG_WARN_OBJC_IMPLICIT_RETAIN_SELF = YES;
				CLANG_WARN_OBJC_LITERAL_CONVERSION = YES;
				CLANG_WARN_OBJC_ROOT_CLASS = YES_ERROR;
				CLANG_WARN_RANGE_LOOP_ANALYSIS = YES;
				CLANG_WARN_STRICT_PROTOTYPES = YES;
				CLANG_WARN_SUSPICIOUS_MOVE = YES;
				CLANG_WARN_UNGUARDED_AVAILABILITY = YES_AGGRESSIVE;
				CLANG_WARN_UNREACHABLE_CODE = YES;
				CLANG_WARN__DUPLICATE_METHOD_MATCH = YES;
				COPY_PHASE_STRIP = NO;
				DEBUG_INFORMATION_FORMAT = dwarf;
				ENABLE_STRICT_OBJC_MSGSEND = YES;
				ENABLE_TESTABILITY = YES;
				GCC_C_LANGUAGE_STANDARD = gnu11;
				GCC_DYNAMIC_NO_PIC = NO;
				GCC_NO_COMMON_BLOCKS = YES;
				GCC_OPTIMIZATION_LEVEL = 0;
				GCC_PREPROCESSOR_DEFINITIONS = (
					"DEBUG=1",
					"$(inherited)",
				);
				GCC_WARN_64_TO_32_BIT_CONVERSION = YES;
				GCC_WARN_ABOUT_RETURN_TYPE = YES_ERROR;
				GCC_WARN_UNDECLARED_SELECTOR = YES;
				GCC_WARN_UNINITIALIZED_AUTOS = YES_AGGRESSIVE;
				GCC_WARN_UNUSED_FUNCTION = YES;
				GCC_WARN_UNUSED_VARIABLE = YES;
				IPHONEOS_DEPLOYMENT_TARGET = 13.5;
				MTL_ENABLE_DEBUG_INFO = INCLUDE_SOURCE;
				MTL_FAST_MATH = YES;
				ONLY_ACTIVE_ARCH = YES;
				SDKROOT = iphoneos;
				SWIFT_ACTIVE_COMPILATION_CONDITIONS = DEBUG;
				SWIFT_OPTIMIZATION_LEVEL = "-Onone";
			};
			name = Debug;
		};
		07F6326A24B8ECB200591BF5 /* Release */ = {
			isa = XCBuildConfiguration;
			buildSettings = {
				ALWAYS_SEARCH_USER_PATHS = NO;
				CLANG_ANALYZER_NONNULL = YES;
				CLANG_ANALYZER_NUMBER_OBJECT_CONVERSION = YES_AGGRESSIVE;
				CLANG_CXX_LANGUAGE_STANDARD = "gnu++14";
				CLANG_CXX_LIBRARY = "libc++";
				CLANG_ENABLE_MODULES = YES;
				CLANG_ENABLE_OBJC_ARC = YES;
				CLANG_ENABLE_OBJC_WEAK = YES;
				CLANG_WARN_BLOCK_CAPTURE_AUTORELEASING = YES;
				CLANG_WARN_BOOL_CONVERSION = YES;
				CLANG_WARN_COMMA = YES;
				CLANG_WARN_CONSTANT_CONVERSION = YES;
				CLANG_WARN_DEPRECATED_OBJC_IMPLEMENTATIONS = YES;
				CLANG_WARN_DIRECT_OBJC_ISA_USAGE = YES_ERROR;
				CLANG_WARN_DOCUMENTATION_COMMENTS = YES;
				CLANG_WARN_EMPTY_BODY = YES;
				CLANG_WARN_ENUM_CONVERSION = YES;
				CLANG_WARN_INFINITE_RECURSION = YES;
				CLANG_WARN_INT_CONVERSION = YES;
				CLANG_WARN_NON_LITERAL_NULL_CONVERSION = YES;
				CLANG_WARN_OBJC_IMPLICIT_RETAIN_SELF = YES;
				CLANG_WARN_OBJC_LITERAL_CONVERSION = YES;
				CLANG_WARN_OBJC_ROOT_CLASS = YES_ERROR;
				CLANG_WARN_RANGE_LOOP_ANALYSIS = YES;
				CLANG_WARN_STRICT_PROTOTYPES = YES;
				CLANG_WARN_SUSPICIOUS_MOVE = YES;
				CLANG_WARN_UNGUARDED_AVAILABILITY = YES_AGGRESSIVE;
				CLANG_WARN_UNREACHABLE_CODE = YES;
				CLANG_WARN__DUPLICATE_METHOD_MATCH = YES;
				COPY_PHASE_STRIP = NO;
				DEBUG_INFORMATION_FORMAT = "dwarf-with-dsym";
				ENABLE_NS_ASSERTIONS = NO;
				ENABLE_STRICT_OBJC_MSGSEND = YES;
				GCC_C_LANGUAGE_STANDARD = gnu11;
				GCC_NO_COMMON_BLOCKS = YES;
				GCC_WARN_64_TO_32_BIT_CONVERSION = YES;
				GCC_WARN_ABOUT_RETURN_TYPE = YES_ERROR;
				GCC_WARN_UNDECLARED_SELECTOR = YES;
				GCC_WARN_UNINITIALIZED_AUTOS = YES_AGGRESSIVE;
				GCC_WARN_UNUSED_FUNCTION = YES;
				GCC_WARN_UNUSED_VARIABLE = YES;
				IPHONEOS_DEPLOYMENT_TARGET = 13.5;
				MTL_ENABLE_DEBUG_INFO = NO;
				MTL_FAST_MATH = YES;
				SDKROOT = iphoneos;
				SWIFT_COMPILATION_MODE = wholemodule;
				SWIFT_OPTIMIZATION_LEVEL = "-O";
				VALIDATE_PRODUCT = YES;
			};
			name = Release;
		};
		07F6326C24B8ECB200591BF5 /* Debug */ = {
			isa = XCBuildConfiguration;
			baseConfigurationReference = 20916E4C075831902D9CB725 /* Pods-SkyengWords.debug.xcconfig */;
			buildSettings = {
				ASSETCATALOG_COMPILER_APPICON_NAME = AppIcon;
				CODE_SIGN_STYLE = Automatic;
				DEVELOPMENT_TEAM = JLB3QWZPEY;
				INFOPLIST_FILE = SkyengWords/Resources/Plists/Info.plist;
				IPHONEOS_DEPLOYMENT_TARGET = 11.0;
				LD_RUNPATH_SEARCH_PATHS = (
					"$(inherited)",
					"@executable_path/Frameworks",
				);
				PRODUCT_BUNDLE_IDENTIFIER = ru.grisme.SkyengWords;
				PRODUCT_NAME = "$(TARGET_NAME)";
				SWIFT_VERSION = 5.0;
				TARGETED_DEVICE_FAMILY = "1,2";
			};
			name = Debug;
		};
		07F6326D24B8ECB200591BF5 /* Release */ = {
			isa = XCBuildConfiguration;
			baseConfigurationReference = 5C4F4AA44B4E3FBB21D7C7C1 /* Pods-SkyengWords.release.xcconfig */;
			buildSettings = {
				ASSETCATALOG_COMPILER_APPICON_NAME = AppIcon;
				CODE_SIGN_STYLE = Automatic;
				DEVELOPMENT_TEAM = JLB3QWZPEY;
				INFOPLIST_FILE = SkyengWords/Resources/Plists/Info.plist;
				IPHONEOS_DEPLOYMENT_TARGET = 11.0;
				LD_RUNPATH_SEARCH_PATHS = (
					"$(inherited)",
					"@executable_path/Frameworks",
				);
				PRODUCT_BUNDLE_IDENTIFIER = ru.grisme.SkyengWords;
				PRODUCT_NAME = "$(TARGET_NAME)";
				SWIFT_VERSION = 5.0;
				TARGETED_DEVICE_FAMILY = "1,2";
			};
			name = Release;
		};
		07F6326F24B8ECB200591BF5 /* Debug */ = {
			isa = XCBuildConfiguration;
			baseConfigurationReference = 502D17F55ED1C3335F3C3137 /* Pods-SkyengWordsTests.debug.xcconfig */;
			buildSettings = {
				ALWAYS_EMBED_SWIFT_STANDARD_LIBRARIES = YES;
				BUNDLE_LOADER = "$(TEST_HOST)";
				CODE_SIGN_STYLE = Automatic;
				DEVELOPMENT_TEAM = JLB3QWZPEY;
				INFOPLIST_FILE = SkyengWordsTests/Info.plist;
				IPHONEOS_DEPLOYMENT_TARGET = 13.5;
				LD_RUNPATH_SEARCH_PATHS = (
					"$(inherited)",
					"@executable_path/Frameworks",
					"@loader_path/Frameworks",
				);
				PRODUCT_BUNDLE_IDENTIFIER = ru.grisme.SkyengWordsTests;
				PRODUCT_NAME = "$(TARGET_NAME)";
				SWIFT_VERSION = 5.0;
				TARGETED_DEVICE_FAMILY = "1,2";
				TEST_HOST = "$(BUILT_PRODUCTS_DIR)/SkyengWords.app/SkyengWords";
			};
			name = Debug;
		};
		07F6327024B8ECB200591BF5 /* Release */ = {
			isa = XCBuildConfiguration;
			baseConfigurationReference = B0FF01C321DAB5C1400C4666 /* Pods-SkyengWordsTests.release.xcconfig */;
			buildSettings = {
				ALWAYS_EMBED_SWIFT_STANDARD_LIBRARIES = YES;
				BUNDLE_LOADER = "$(TEST_HOST)";
				CODE_SIGN_STYLE = Automatic;
				DEVELOPMENT_TEAM = JLB3QWZPEY;
				INFOPLIST_FILE = SkyengWordsTests/Info.plist;
				IPHONEOS_DEPLOYMENT_TARGET = 13.5;
				LD_RUNPATH_SEARCH_PATHS = (
					"$(inherited)",
					"@executable_path/Frameworks",
					"@loader_path/Frameworks",
				);
				PRODUCT_BUNDLE_IDENTIFIER = ru.grisme.SkyengWordsTests;
				PRODUCT_NAME = "$(TARGET_NAME)";
				SWIFT_VERSION = 5.0;
				TARGETED_DEVICE_FAMILY = "1,2";
				TEST_HOST = "$(BUILT_PRODUCTS_DIR)/SkyengWords.app/SkyengWords";
			};
			name = Release;
		};
/* End XCBuildConfiguration section */

/* Begin XCConfigurationList section */
		07F6324724B8ECB100591BF5 /* Build configuration list for PBXProject "SkyengWords" */ = {
			isa = XCConfigurationList;
			buildConfigurations = (
				07F6326924B8ECB200591BF5 /* Debug */,
				07F6326A24B8ECB200591BF5 /* Release */,
			);
			defaultConfigurationIsVisible = 0;
			defaultConfigurationName = Release;
		};
		07F6326B24B8ECB200591BF5 /* Build configuration list for PBXNativeTarget "SkyengWords" */ = {
			isa = XCConfigurationList;
			buildConfigurations = (
				07F6326C24B8ECB200591BF5 /* Debug */,
				07F6326D24B8ECB200591BF5 /* Release */,
			);
			defaultConfigurationIsVisible = 0;
			defaultConfigurationName = Release;
		};
		07F6326E24B8ECB200591BF5 /* Build configuration list for PBXNativeTarget "SkyengWordsTests" */ = {
			isa = XCConfigurationList;
			buildConfigurations = (
				07F6326F24B8ECB200591BF5 /* Debug */,
				07F6327024B8ECB200591BF5 /* Release */,
			);
			defaultConfigurationIsVisible = 0;
			defaultConfigurationName = Release;
		};
/* End XCConfigurationList section */
	};
	rootObject = 07F6324424B8ECB100591BF5 /* Project object */;
}
