PODS:
  - Alamofire (5.2.1)
  - Reveal-SDK (24)

DEPENDENCIES:
  - Alamofire (~> 5.2)
  - Reveal-SDK (= 24)

SPEC REPOS:
  trunk:
    - Alamofire
    - Reveal-SDK

SPEC CHECKSUMS:
  Alamofire: e911732990610fe89af59ac0077f923d72dc3dfd
  Reveal-SDK: 5d7e56b8f018c0a88b3a2c10bf68d598bbd3b071

PODFILE CHECKSUM: 119295254ebf4b7928db57cad89be5c123e1169b

COCOAPODS: 1.9.3
